github.com/chuckpreslar/emission v0.0.0-20170206194824-a7ddd980baf9 h1:xz6Nv3zcwO2Lila35hcb0QloCQsc38Al13RNEzWRpX4=
github.com/chuckpreslar/emission v0.0.0-20170206194824-a7ddd980baf9/go.mod h1:2wSM9zJkl1UQEFZgSd68NfCgRz1VL1jzy/RjCg+ULrs=
github.com/franela/goreq v0.0.0-20171204163338-bcd34c9993f8 h1:a9ENSRDFBUPkJ5lCgVZh26+ZbGyoVJG7yb5SSzF5H54=
github.com/franela/goreq v0.0.0-20171204163338-bcd34c9993f8/go.mod h1:ZhphrRTfi2rbfLwlschooIH4+wKKDR4Pdxhh+TRoA20=
github.com/gorilla/websocket v1.4.0 h1:WDFjx/TMzVgy9VdMMQi2K2Emtwi2QcUQsztZ/zLaH/Q=
github.com/gorilla/websocket v1.4.0/go.mod h1:E7qHFY5m1UJ88s3WnNqhKjPHQ0heANvMoAMk2YaljkQ=
github.com/jpillora/backoff v0.0.0-20180909062703-3050d21c67d7 h1:K//n/AqR5HjG3qxbrBCL4vJPW0MVFSs9CPK1OOJdRME=
github.com/jpillora/backoff v0.0.0-20180909062703-3050d21c67d7/go.mod h1:2iMrUgbbvHEiQClaW2NsSzMyGHqN+rDFqY705q49KG0=
github.com/k0kubun/pp v3.0.0+incompatible h1:I00lq/ALERE8g5dW2th1jnjtJ/J4vautUNyHR3IRj7c=
github.com/k0kubun/pp v3.0.0+incompatible/go.mod h1:GWse8YhT0p8pT4ir3ZgBbfZild3tgzSScAn6HmfYukg=
github.com/mariuspass/recws v0.0.0-20190228065410-f78d360a13cb h1:oz8+hIMHNZK/Ujj3ehkiI/DObzdCyi6uBzk09Uvx8Mg=
github.com/mariuspass/recws v0.0.0-20190228065410-f78d360a13cb/go.mod h1:oJ8miYVTPdu3DLeDL/GN4BocUqEI6i0viF78DgtD+2k=
github.com/mattn/go-colorable v0.1.1 h1:G1f5SKeVxmagw/IyvzvtZE4Gybcc4Tr1tf7I8z0XgOg=
github.com/mattn/go-colorable v0.1.1/go.mod h1:FuOcm+DKB9mbwrcAfNl7/TZVBZ6rcnceauSikq3lYCQ=
github.com/mattn/go-isatty v0.0.5 h1:tHXDdz1cpzGaovsTB+TVB8q90WEokoVmfMqoVcrLUgw=
github.com/mattn/go-isatty v0.0.5/go.mod h1:Iq45c/XA43vh69/j3iqttzPXn0bhXyGjM0Hdxcsrc5s=
github.com/pkg/errors v0.8.1 h1:iURUrRGxPUNPdy5/HRSm+Yj6okJ6UtLINN0Q9M4+h3I=
github.com/pkg/errors v0.8.1/go.mod h1:bwawxfHBFNV+L2hUp1rHADufV3IMtnDRdf1r5NINEl0=
github.com/streamrail/concurrent-map v0.0.0-20160823150647-8bf1e9bacbf6 h1:XklXvOrWxWCDX2n4vdEQWkjuIP820XD6C4kF0O0FzH4=
github.com/streamrail/concurrent-map v0.0.0-20160823150647-8bf1e9bacbf6/go.mod h1:yqDD2twFAqxvvH5gtpwwgLsj5L1kbNwtoPoDOwBzXcs=
github.com/ugorji/go v1.1.2 h1:JON3E2/GPW2iDNGoSAusl1KDf5TRQ8k8q7Tp097pZGs=
github.com/ugorji/go v1.1.2/go.mod h1:hnLbHMwcvSihnDhEfx2/BzKp2xb0Y+ErdfYcrs9tkJQ=
github.com/ugorji/go/codec v0.0.0-20190320090025-2dc34c0b8780 h1:vG/gY/PxA3v3l04qxe3tDjXyu3bozii8ulSlIPOYKhI=
github.com/ugorji/go/codec v0.0.0-20190320090025-2dc34c0b8780/go.mod h1:iT03XoTwV7xq/+UGwKO3UbC1nNNlopQiY61beSdrtOA=
golang.org/x/sys v0.0.0-20190222072716-a9d3bda3a223 h1:DH4skfRX4EBpamg7iV4ZlCpblAHI6s6TDM39bFZumv8=
golang.org/x/sys v0.0.0-20190222072716-a9d3bda3a223/go.mod h1:STP8DvDyc/dI5b8T5hshtkjS+E42TnysNCUPdjciGhY=
gopkg.in/beatgammit/turnpike.v2 v2.0.0-20170911161258-573f579df7ee h1:bWbezZ6XtQyU7ZdS/BjiUEwZIvrTIX8OUqvtNgEjP0U=
gopkg.in/beatgammit/turnpike.v2 v2.0.0-20170911161258-573f579df7ee/go.mod h1:vxR2ztAX07VeLApYJCBvnAxOA2C6CChOonGeyGyFGOM=
